{
  "requires": true,
  "lockfileVersion": 1,
  "dependencies": {
    "eslint-config-typescript": {
      "version": "3.0.0",
      "resolved": "https://registry.npmjs.org/eslint-config-typescript/-/eslint-config-typescript-3.0.0.tgz",
      "integrity": "sha512-CwC2cQ29OLE1OUw0k+Twpc6wpCdenG8rrErl89sWrzmMpWfkulyeQS1HJhhjU0B3Tb4k41zdei4LtX26x5m60Q==",
      "dev": true
    }
  }
}
